<?xml version="1.0" encoding="utf-8"?>
<Project ToolsVersion="4.0" xmlns="http://schemas.microsoft.com/developer/msbuild/2003">
  <ItemGroup>
    <None Include="engine\render\shader\fragment.frag" />
    <None Include="engine\render\shader\vertex.vert" />
    <None Include="engine\render\shader\compile_shader.bat" />
    <None Include="engine\render\shader\basic.frag" />
    <None Include="engine\render\shader\basic.vert" />
    <None Include="engine\render\shader\sample.frag" />
    <None Include="engine\render\shader\sample.vert" />
    <None Include="engine\render\shader\basicPBR.frag" />
    <None Include="engine\render\shader\basicPBR.vert" />
    <None Include="engine\render\shader\line.vert" />
    <None Include="engine\render\shader\line.frag" />
    <None Include="engine\render\shader\line.bat" />
    <None Include="engine\render\shader\circle.vert" />
    <None Include="engine\render\shader\circle.frag" />
    <None Include="engine\render\shader\circle.bat" />
    <None Include="engine\render\shader\circle_border.vert" />
    <None Include="engine\render\shader\circle_border.frag" />
    <None Include="engine\render\shader\poly.frag" />
    <None Include="engine\render\shader\poly.vert" />
    <None Include="engine\render\shader\particle.vert" />
    <None Include="engine\render\shader\particle.frag" />
    <None Include="engine\render\shader\font.vert" />
    <None Include="engine\render\shader\font.frag" />
  </ItemGroup>
  <ItemGroup>
    <ClCompile Include="engine\logger\Logger.cpp" />
    <ClCompile Include="engine\audio\AudioData.cpp" />
    <ClCompile Include="engine\audio\AudioDecoder.cpp" />
    <ClCompile Include="engine\audio\AudioDecoderFactory.cpp" />
    <ClCompile Include="engine\audio\AudioEngine.cpp" />
    <ClCompile Include="engine\audio\AudioPlayer.cpp" />
    <ClCompile Include="engine\audio\IAudioEngine.cpp" />
    <ClCompile Include="engine\audio\Mp3Decoder.cpp" />
    <ClCompile Include="engine\audio\OggDecoder.cpp" />
    <ClCompile Include="engine\audio\WinAudioEngine.cpp" />
    <ClCompile Include="engine\utils\FileUtils.cpp" />
    <ClCompile Include="engine\utils\WinFileUtils.cpp" />
    <ClCompile Include="engine\render\StagingBuffer.cpp" />
    <ClCompile Include="engine\render\UniformBuffer.cpp" />
    <ClCompile Include="engine\render\VertexBuffer.cpp" />
    <ClCompile Include="engine\render\Allocator.cpp" />
    <ClCompile Include="engine\utils\Utils.cpp" />
    <ClCompile Include="engine\render\Device.cpp" />
    <ClCompile Include="engine\render\CommandBuffer.cpp" />
    <ClCompile Include="engine\render\Pipeline.cpp" />
    <ClCompile Include="engine\render\SwapChain.cpp" />
    <ClCompile Include="engine\render\Shader.cpp" />
    <ClCompile Include="engine\window\glWindow.cpp" />
    <ClCompile Include="engine\render\Texture.cpp" />
    <ClCompile Include="engine\render\IndexBuffer.cpp" />
    <ClCompile Include="engine\render\Sampler.cpp" />
    <ClCompile Include="engine\EngineTestMain.cpp" />
    <ClCompile Include="engine\input\Input.cpp" />
    <ClCompile Include="engine\render\DescriptorSetManager.cpp" />
    <ClCompile Include="main.cpp" />
    <ClCompile Include="engine\render\camera\Camera.cpp" />
    <ClCompile Include="engine\render\3d\transform3D.cpp" />
    <ClCompile Include="engine\render\3d\mesh.cpp" />
    <ClCompile Include="engine\render\Material.cpp" />
    <ClCompile Include="engine\render\VObject.cpp" />
    <ClCompile Include="threeparty\imgui\imgui.cpp" />
    <ClCompile Include="threeparty\imgui\imgui_draw.cpp" />
    <ClCompile Include="threeparty\imgui\imgui_impl_glfw.cpp" />
    <ClCompile Include="threeparty\imgui\imgui_impl_vulkan.cpp" />
    <ClCompile Include="threeparty\imgui\imgui_tables.cpp" />
    <ClCompile Include="threeparty\imgui\imgui_widgets.cpp" />
    <ClCompile Include="engine\render\PolygonRender.cpp" />
    <ClCompile Include="engine\render\SpriteRender.cpp" />
    <ClCompile Include="engine\Global.cpp" />
    <ClCompile Include="engine\render\StorageBuffer.cpp" />
    <ClCompile Include="engine\render\VBuffer.cpp" />
    <ClCompile Include="engine\physic\BoxCollider2D.cpp" />
    <ClCompile Include="engine\physic\BallCollider2D.cpp" />
    <ClCompile Include="engine\physic\Collider.cpp" />
    <ClCompile Include="engine\render\Particle.cpp" />
    <ClCompile Include="engine\physic\debug\DebugDraw.cpp" />
    <ClCompile Include="engine\imgui\imguiINI.cpp" />
    <ClCompile Include="MyGame.cpp" />
    <ClCompile Include="engine\render\font\TextRender.cpp" />
  </ItemGroup>
  <ItemGroup>
    <ClInclude Include="engine\logger\Logger.h" />
    <ClInclude Include="engine\audio\AudioData.h" />
    <ClInclude Include="engine\audio\AudioDecoder.h" />
    <ClInclude Include="engine\audio\AudioDecoderFactory.h" />
    <ClInclude Include="engine\audio\AudioEngine.h" />
    <ClInclude Include="engine\audio\AudioPlayer.h" />
    <ClInclude Include="engine\audio\IAudioEngine.h" />
    <ClInclude Include="engine\audio\Mp3Decoder.h" />
    <ClInclude Include="engine\audio\OggDecoder.h" />
    <ClInclude Include="engine\audio\WinAudioEngine.h" />
    <ClInclude Include="engine\utils\FileUtils.h" />
    <ClInclude Include="engine\utils\WinFileUtils.h" />
    <ClInclude Include="engine\render\StagingBuffer.h" />
    <ClInclude Include="engine\render\UniformBuffer.h" />
    <ClInclude Include="engine\render\VertexBuffer.h" />
    <ClInclude Include="engine\render\vk_mem_alloc.h" />
    <ClInclude Include="engine\render\Allocator.h" />
    <ClInclude Include="engine\utils\Utils.h" />
    <ClInclude Include="engine\render\Device.h" />
    <ClInclude Include="engine\render\CommandBuffer.h" />
    <ClInclude Include="engine\render\Pipeline.h" />
    <ClInclude Include="engine\render\SwapChain.h" />
    <ClInclude Include="engine\render\Shader.h" />
    <ClInclude Include="engine\window\glWindow.h" />
    <ClInclude Include="engine\render\Texture.h" />
    <ClInclude Include="engine\render\stb_image.h" />
    <ClInclude Include="engine\render\IndexBuffer.h" />
    <ClInclude Include="engine\render\Sampler.h" />
    <ClInclude Include="engine\EngineTestMain.h" />
    <ClInclude Include="engine\input\Input.h" />
    <ClInclude Include="engine\render\DescriptorSetManager.h" />
    <ClInclude Include="engine\render\camera\Camera.h" />
    <ClInclude Include="engine\render\3d\mesh.h" />
    <ClInclude Include="engine\render\Material.h" />
    <ClInclude Include="engine\render\VObject.h" />
    <ClInclude Include="engine\render\3d\tiny_obj_loader.h" />
    <ClInclude Include="engine\render\PolygonRender.h" />
    <ClInclude Include="engine\render\SpriteRender.h" />
    <ClInclude Include="engine\render\Sprite.h" />
    <ClInclude Include="engine\render\Animation.h" />
    <ClInclude Include="engine\Global.h" />
    <ClInclude Include="engine\render\3d\transform3D.h" />
    <ClInclude Include="engine\render\StorageBuffer.h" />
    <ClInclude Include="engine\render\VBuffer.h" />
    <ClInclude Include="engine\physic\BoxCollider2D.h" />
    <ClInclude Include="engine\physic\BallCollider2D.h" />
    <ClInclude Include="engine\physic\Collider.h" />
    <ClInclude Include="engine\render\Particle.h" />
    <ClInclude Include="engine\physic\debug\DebugDraw.h" />
    <ClInclude Include="engine\imgui\imguiINI.h" />
    <ClInclude Include="MyGame.h" />
    <ClInclude Include="engine\render\font\TextRender.h" />
  </ItemGroup>
</Project>